{
  "bundle": "contech-context-instructions",
  "files": [
    {
      "path": ".cursor/rules/contech-context-retrieval.mdc",
      "sha256": "541376cf0bf94b99374fe6e193c2b24c7278e03e8b4f1d367a53e7beb727ae75"
    },
    {
      "path": ".cursor/rules/contech-context-citations.mdc",
      "sha256": "7574b9aab23f17cdbcd38e1e78c54d83cdca0000dbe78d4daaee50b2c51098b0"
    },
    {
      "path": ".cursor/rules/contech-context-routing.mdc",
      "sha256": "d00215afd5e0c0b657a1938de24685ac54668e8d039fb46e16d32d62673e1155"
    },
    {
      "path": ".cursor/skills/planning-contech-context-queries/SKILL.md",
      "sha256": "84159c70c8e6487df7346b49213f9ed8dfddd0e89e0ad77a907f62e214096b8e"
    },
    {
      "path": ".cursor/skills/using-contech-context/SKILL.md",
      "sha256": "0d1efcbc85e7dd33c2b5f85676747066ad9008f9782723a3e4442dfba003123e"
    },
    {
      "path": ".cursor/skills/troubleshooting-contech-context/SKILL.md",
      "sha256": "f16b483408462cbfcf38bb3480af4857a09689a6fa48618099b21c964bad2c7a"
    },
    {
      "path": "AGENTS.md",
      "sha256": "d5352272871b2cc38389daf1bb5e262e92f8909dadd7918a8cc35c1e6112b01f"
    }
  ],
  "smfs": {
    "allowed_containers": [
      "structural-engineering-corpora"
    ],
    "clean": true,
    "default_container": "structural-engineering-corpora",
    "ephemeral": true,
    "memory_paths": "",
    "mount_mode": "auto",
    "mount_path": "./memory/mount",
    "startup_timeout_seconds": 30
  },
  "version": "2026.06.21.1"
}
