{
  "bundle": "contech-context-instructions",
  "files": [
    {
      "path": ".cursor/rules/contech-context-retrieval.mdc",
      "sha256": "1926bc384cf2a813a5bd7444fc148eda8be2622a0a04ba6bab18ef7755bba69d"
    },
    {
      "path": ".cursor/rules/contech-context-citations.mdc",
      "sha256": "d2c307e738c9729792233b0c491c9d6fa03ace42afe3a8ecefb8062de4cf7bc2"
    },
    {
      "path": ".cursor/rules/contech-context-routing.mdc",
      "sha256": "d00215afd5e0c0b657a1938de24685ac54668e8d039fb46e16d32d62673e1155"
    },
    {
      "path": ".cursor/skills/planning-contech-context-queries/SKILL.md",
      "sha256": "743c415c9910e2ad64b364830f1309efd8d8a42f6074bec9be2a56b79da3d7ac"
    },
    {
      "path": ".cursor/skills/using-contech-context/SKILL.md",
      "sha256": "6555028c4c30a03d87a84f2c04ce587c757afbe54e6d332d951e60573e14bdd2"
    },
    {
      "path": ".cursor/skills/troubleshooting-contech-context/SKILL.md",
      "sha256": "f16b483408462cbfcf38bb3480af4857a09689a6fa48618099b21c964bad2c7a"
    },
    {
      "path": "AGENTS.md",
      "sha256": "9f948b04185c450db0332066921e2b2f455e40195d0bf201992b19ad70c53bfc"
    }
  ],
  "smfs": {
    "allowed_containers": [
      "structural-engineering-corpora"
    ],
    "clean": true,
    "default_container": "structural-engineering-corpora",
    "ephemeral": true,
    "memory_paths": "",
    "mount_mode": "auto",
    "mount_path": "./memory/mount",
    "startup_timeout_seconds": 30
  },
  "version": "2026.06.09.1"
}
